
Microsoft Visual Studio Solution File, Format Version 12.00
# Visual Studio 15
VisualStudioVersion = 15.0.27703.2018
MinimumVisualStudioVersion = 10.0.40219.1
Project("{FAE04EC0-301F-11D3-BF4B-00C04F79EFBC}") = "Movies", "Movies\Movies.csproj", "{9192CE32-2608-4740-A7EE-CF8DB9113BE3}"
EndProject
Global
	GlobalSection(SolutionConfigurationPlatforms) = preSolution
		Debug|Any CPU = Debug|Any CPU
		Release|Any CPU = Release|Any CPU
	EndGlobalSection
	GlobalSection(ProjectConfigurationPlatforms) = postSolution
		{9192CE32-2608-4740-A7EE-CF8DB9113BE3}.Debug|Any CPU.ActiveCfg = Debug|Any CPU
		{9192CE32-2608-4740-A7EE-CF8DB9113BE3}.Debug|Any CPU.Build.0 = Debug|Any CPU
		{9192CE32-2608-4740-A7EE-CF8DB9113BE3}.Release|Any CPU.ActiveCfg = Release|Any CPU
		{9192CE32-2608-4740-A7EE-CF8DB9113BE3}.Release|Any CPU.Build.0 = Release|Any CPU
	EndGlobalSection
	GlobalSection(SolutionProperties) = preSolution
		HideSolutionNode = FALSE
	EndGlobalSection
	GlobalSection(ExtensibilityGlobals) = postSolution
		SolutionGuid = {E74252A3-D4C3-4FDE-8D62-24BE019149DD}
	EndGlobalSection
EndGlobal
